{
  "name": "@oat-sa/tao-items",
  "version": "0.1.1",
  "lockfileVersion": 1,
  "requires": true,
  "dependencies": {
    "@oat-sa/tao-item-runner": {
      "version": "0.7.1",
      "resolved": "https://registry.npmjs.org/@oat-sa/tao-item-runner/-/tao-item-runner-0.7.1.tgz",
      "integrity": "sha512-3+kd6sH5yckD9iH3+IDnmTHctT0dFUx55vFfhlo8LvzyaE77I6Eci0uyOQpoDUMqRTzyw7tABBkNue0WkfAAsw=="
    }
  }
}
