{
  "name": "@oat-sa/tao-items",
  "version": "0.1.0",
  "lockfileVersion": 1,
  "requires": true,
  "dependencies": {
    "@oat-sa/tao-item-runner": {
      "version": "0.6.1",
      "resolved": "https://registry.npmjs.org/@oat-sa/tao-item-runner/-/tao-item-runner-0.6.1.tgz",
      "integrity": "sha512-+7l2uG0+6idJoxUZTojRLmZQvMgC0Z5BpIoWfbvgdM2Z/TiPHFk8PoLfn7VAOfkHl0CFTmgjHDI8N6Up5s0DGg=="
    }
  }
}
