{
  "name": "@oat-sa/tao-items",
  "version": "0.1.1",
  "lockfileVersion": 3,
  "requires": true,
  "packages": {
    "": {
      "name": "@oat-sa/tao-items",
      "version": "0.1.1",
      "license": "GPL-2.0",
      "dependencies": {
        "@oat-sa/tao-item-runner": "github:oat-sa/tao-item-runner-fe#feat/AUT-4110/render-transcription"
      }
    },
    "node_modules/@oat-sa/tao-item-runner": {
      "version": "0.8.2",
      "resolved": "git+ssh://git@github.com/oat-sa/tao-item-runner-fe.git#63125f56680069496ae1b8247f166a57ba7ac9de",
      "license": "GPL-2.0"
    }
  }
}
